{
    "_readme": [
        "This file locks the dependencies of your project to a known state",
        "Read more about it at https://getcomposer.org/doc/01-basic-usage.md#installing-dependencies",
        "This file is @generated automatically"
    ],
    "content-hash": "c4b6a22a430a43622a273b871a09b61f",
    "packages": [
        {
            "name": "beberlei/assert",
            "version": "3.3.4",
            "source": {
                "type": "git",
                "url": "https://github.com/Beberlei/Assert.git",
                "reference": "f193f4613c7d7fbcee2c05e4daff4061d49c040e"
            },
            "dist": {
                "type": "zip",
                "url": "https://codeload.github.com/Beberlei/Assert/zip/f193f4613c7d7fbcee2c05e4daff4061d49c040e",
                "reference": "f193f4613c7d7fbcee2c05e4daff4061d49c040e"
            },
            "require": {
                "ext-ctype": "*",
                "ext-json": "*",
                "ext-mbstring": "*",
                "ext-simplexml": "*",
                "php": "^7.1 || ^8.0"
            },
            "suggest": {
                "ext-intl": "Needed to allow Assertion::count(), Assertion::isCountable(), Assertion::minCount(), and Assertion::maxCount() to operate on ResourceBundles"
            },
            "type": "library",
            "autoload": {
                "psr-4": {
                    "Assert\\": "lib/Assert"
                },
                "files": [
                    "lib/Assert/functions.php"
                ]
            },
            "license": [
                "BSD-2-Clause"
            ],
            "authors": [
                {
                    "name": "Benjamin Eberlei",
                    "email": "kontakt@beberlei.de",
                    "role": "Lead Developer"
                },
                {
                    "name": "Richard Quadling",
                    "email": "rquadling@gmail.com",
                    "role": "Collaborator"
                }
            ],
            "description": "Thin assertion library for input validation in business models.",
            "keywords": [
                "assert",
                "assertion",
                "validation"
            ]
        },
        {
            "name": "brick/math",
            "version": "0.9.3",
            "source": {
                "type": "git",
                "url": "https://github.com/brick/math.git",
                "reference": "ca57d18f028f84f777b2168cd1911b0dee2343ae"
            },
            "dist": {
                "type": "zip",
                "url": "https://codeload.github.com/brick/math/zip/ca57d18f028f84f777b2168cd1911b0dee2343ae",
                "reference": "ca57d18f028f84f777b2168cd1911b0dee2343ae"
            },
            "require": {
                "ext-json": "*",
                "php": "^7.1 || ^8.0"
            },
            "type": "library",
            "autoload": {
                "psr-4": {
                    "Brick\\Math\\": "src/"
                }
            },
            "license": [
                "MIT"
            ],
            "description": "Arbitrary-precision arithmetic library",
            "keywords": [
                "Arbitrary-precision",
                "Arithmetic",
                "BigDecimal",
                "BigInteger",
                "BigRational",
                "Bignum",
                "Brick",
                "Math"
            ]
        },
        {
            "name": "fgrosse/phpasn1",
            "version": "2.5.0",
            "source": {
                "type": "git",
                "url": "https://github.com/fgrosse/PHPASN1.git",
                "reference": "42060ed45344789fb9f21f9f1864fc47b9e3507b"
            },
            "dist": {
                "type": "zip",
                "url": "https://codeload.github.com/fgrosse/PHPASN1/zip/42060ed45344789fb9f21f9f1864fc47b9e3507b",
                "reference": "42060ed45344789fb9f21f9f1864fc47b9e3507b"
            },
            "require": {
                "php": "^7.1 || ^8.0"
            },
            "suggest": {
                "ext-bcmath": "BCmath is the fallback extension for big integer calculations",
                "ext-curl": "For loading OID information from the web if they have not bee defined statically",
                "ext-gmp": "GMP is the preferred extension for big integer calculations",
                "phpseclib/bcmath_compat": "BCmath polyfill for servers where neither GMP nor BCmath is available"
            },
            "type": "library",
            "extra": {
                "branch-alias": {
                    "dev-master": "2.0.x-dev"
                }
            },
            "autoload": {
                "psr-4": {
                    "FG\\": "lib/"
                }
            },
            "license": [
                "MIT"
            ],
            "authors": [
                {
                    "name": "Friedrich Große",
                    "email": "friedrich.grosse@gmail.com",
                    "homepage": "https://github.com/FGrosse",
                    "role": "Author"
                },
                {
                    "name": "All contributors",
                    "homepage": "https://github.com/FGrosse/PHPASN1/contributors"
                }
            ],
            "description": "A PHP Framework that allows you to encode and decode arbitrary ASN.1 structures using the ITU-T X.690 Encoding Rules.",
            "homepage": "https://github.com/FGrosse/PHPASN1",
            "keywords": [
                "asn.1",
                "asn1",
                "ber",
                "binary",
                "decoding",
                "der",
                "encoding",
                "x.509",
                "x.690",
                "x509",
                "x690"
            ]
        },
        {
            "name": "league/uri",
            "version": "6.7.2",
            "source": {
                "type": "git",
                "url": "https://github.com/thephpleague/uri.git",
                "reference": "d3b50812dd51f3fbf176344cc2981db03d10fe06"
            },
            "dist": {
                "type": "zip",
                "url": "https://codeload.github.com/thephpleague/uri/zip/d3b50812dd51f3fbf176344cc2981db03d10fe06",
                "reference": "d3b50812dd51f3fbf176344cc2981db03d10fe06"
            },
            "require": {
                "ext-json": "*",
                "league/uri-interfaces": "^2.3",
                "php": "^7.4 || ^8.0",
                "psr/http-message": "^1.0"
            },
            "conflict": {
                "league/uri-schemes": "^1.0"
            },
            "suggest": {
                "ext-fileinfo": "Needed to create Data URI from a filepath",
                "ext-intl": "Needed to improve host validation",
                "league/uri-components": "Needed to easily manipulate URI objects",
                "psr/http-factory": "Needed to use the URI factory"
            },
            "type": "library",
            "extra": {
                "branch-alias": {
                    "dev-master": "6.x-dev"
                }
            },
            "autoload": {
                "psr-4": {
                    "League\\Uri\\": "src"
                }
            },
            "license": [
                "MIT"
            ],
            "authors": [
                {
                    "name": "Ignace Nyamagana Butera",
                    "email": "nyamsprod@gmail.com",
                    "homepage": "https://nyamsprod.com"
                }
            ],
            "description": "URI manipulation library",
            "homepage": "https://uri.thephpleague.com",
            "keywords": [
                "data-uri",
                "file-uri",
                "ftp",
                "hostname",
                "http",
                "https",
                "middleware",
                "parse_str",
                "parse_url",
                "psr-7",
                "query-string",
                "querystring",
                "rfc3986",
                "rfc3987",
                "rfc6570",
                "uri",
                "uri-template",
                "url",
                "ws"
            ],
            "support": {
                "forum": "https://thephpleague.slack.com",
                "docs": "https://uri.thephpleague.com",
                "issues": "https://github.com/thephpleague/uri/issues"
            }
        },
        {
            "name": "league/uri-interfaces",
            "version": "2.3.0",
            "source": {
                "type": "git",
                "url": "https://github.com/thephpleague/uri-interfaces.git",
                "reference": "00e7e2943f76d8cb50c7dfdc2f6dee356e15e383"
            },
            "dist": {
                "type": "zip",
                "url": "https://codeload.github.com/thephpleague/uri-interfaces/zip/00e7e2943f76d8cb50c7dfdc2f6dee356e15e383",
                "reference": "00e7e2943f76d8cb50c7dfdc2f6dee356e15e383"
            },
            "require": {
                "ext-json": "*",
                "php": "^7.2 || ^8.0"
            },
            "suggest": {
                "ext-intl": "to use the IDNA feature",
                "symfony/intl": "to use the IDNA feature via Symfony Polyfill"
            },
            "type": "library",
            "extra": {
                "branch-alias": {
                    "dev-master": "2.x-dev"
                }
            },
            "autoload": {
                "psr-4": {
                    "League\\Uri\\": "src/"
                }
            },
            "license": [
                "MIT"
            ],
            "authors": [
                {
                    "name": "Ignace Nyamagana Butera",
                    "email": "nyamsprod@gmail.com",
                    "homepage": "https://nyamsprod.com"
                }
            ],
            "description": "Common interface for URI representation",
            "homepage": "http://github.com/thephpleague/uri-interfaces",
            "keywords": [
                "rfc3986",
                "rfc3987",
                "uri",
                "url"
            ]
        },
        {
            "name": "nyholm/psr7",
            "version": "1.8.2",
            "source": {
                "type": "git",
                "url": "https://github.com/Nyholm/psr7.git",
                "reference": "a71f2b11690f4b24d099d6b16690a90ae14fc6f3"
            },
            "dist": {
                "type": "zip",
                "url": "https://codeload.github.com/Nyholm/psr7/zip/a71f2b11690f4b24d099d6b16690a90ae14fc6f3",
                "reference": "a71f2b11690f4b24d099d6b16690a90ae14fc6f3"
            },
            "require": {
                "php": ">=7.2",
                "psr/http-factory": "^1.0",
                "psr/http-message": "^1.1 || ^2.0"
            },
            "provide": {
                "php-http/message-factory-implementation": "1.0",
                "psr/http-factory-implementation": "1.0",
                "psr/http-message-implementation": "1.0"
            },
            "type": "library",
            "extra": {
                "branch-alias": {
                    "dev-master": "1.8-dev"
                }
            },
            "autoload": {
                "psr-4": {
                    "Nyholm\\Psr7\\": "src/"
                }
            },
            "license": [
                "MIT"
            ],
            "authors": [
                {
                    "name": "Tobias Nyholm",
                    "email": "tobias.nyholm@gmail.com"
                },
                {
                    "name": "Martijn van der Ven",
                    "email": "martijn@vanderven.se"
                }
            ],
            "description": "A fast PHP7 implementation of PSR-7",
            "homepage": "https://tnyholm.se",
            "keywords": [
                "psr-17",
                "psr-7"
            ]
        },
        {
            "name": "paragonie/random_compat",
            "version": "9.99.100",
            "source": {
                "type": "git",
                "url": "https://github.com/paragonie/random_compat.git",
                "reference": "996434e5492cb4c3edcb9168db6fbb1359ef965a"
            },
            "dist": {
                "type": "zip",
                "url": "https://codeload.github.com/paragonie/random_compat/zip/996434e5492cb4c3edcb9168db6fbb1359ef965a",
                "reference": "996434e5492cb4c3edcb9168db6fbb1359ef965a"
            },
            "require": {
                "php": ">= 7"
            },
            "suggest": {
                "ext-libsodium": "Provides a modern crypto API that can be used to generate random bytes."
            },
            "type": "library",
            "license": [
                "MIT"
            ],
            "authors": [
                {
                    "name": "Paragon Initiative Enterprises",
                    "email": "security@paragonie.com",
                    "homepage": "https://paragonie.com"
                }
            ],
            "description": "PHP 5.x polyfill for random_bytes() and random_int() from PHP 7",
            "keywords": [
                "csprng",
                "polyfill",
                "pseudorandom",
                "random"
            ],
            "support": {
                "issues": "https://github.com/paragonie/random_compat/issues",
                "email": "info@paragonie.com",
                "source": "https://github.com/paragonie/random_compat"
            }
        },
        {
            "name": "psr/http-client",
            "version": "1.0.3",
            "source": {
                "type": "git",
                "url": "https://github.com/php-fig/http-client.git",
                "reference": "bb5906edc1c324c9a05aa0873d40117941e5fa90"
            },
            "dist": {
                "type": "zip",
                "url": "https://codeload.github.com/php-fig/http-client/zip/bb5906edc1c324c9a05aa0873d40117941e5fa90",
                "reference": "bb5906edc1c324c9a05aa0873d40117941e5fa90"
            },
            "require": {
                "php": "^7.0 || ^8.0",
                "psr/http-message": "^1.0 || ^2.0"
            },
            "type": "library",
            "extra": {
                "branch-alias": {
                    "dev-master": "1.0.x-dev"
                }
            },
            "autoload": {
                "psr-4": {
                    "Psr\\Http\\Client\\": "src/"
                }
            },
            "license": [
                "MIT"
            ],
            "authors": [
                {
                    "name": "PHP-FIG",
                    "homepage": "https://www.php-fig.org/"
                }
            ],
            "description": "Common interface for HTTP clients",
            "homepage": "https://github.com/php-fig/http-client",
            "keywords": [
                "http",
                "http-client",
                "psr",
                "psr-18"
            ],
            "support": {
                "source": "https://github.com/php-fig/http-client"
            }
        },
        {
            "name": "psr/http-factory",
            "version": "1.0.2",
            "source": {
                "type": "git",
                "url": "https://github.com/php-fig/http-factory.git",
                "reference": "e616d01114759c4c489f93b099585439f795fe35"
            },
            "dist": {
                "type": "zip",
                "url": "https://codeload.github.com/php-fig/http-factory/zip/e616d01114759c4c489f93b099585439f795fe35",
                "reference": "e616d01114759c4c489f93b099585439f795fe35"
            },
            "require": {
                "php": ">=7.0.0",
                "psr/http-message": "^1.0 || ^2.0"
            },
            "type": "library",
            "extra": {
                "branch-alias": {
                    "dev-master": "1.0.x-dev"
                }
            },
            "autoload": {
                "psr-4": {
                    "Psr\\Http\\Message\\": "src/"
                }
            },
            "license": [
                "MIT"
            ],
            "authors": [
                {
                    "name": "PHP-FIG",
                    "homepage": "https://www.php-fig.org/"
                }
            ],
            "description": "Common interfaces for PSR-7 HTTP message factories",
            "keywords": [
                "factory",
                "http",
                "message",
                "psr",
                "psr-17",
                "psr-7",
                "request",
                "response"
            ]
        },
        {
            "name": "psr/http-message",
            "version": "1.1",
            "source": {
                "type": "git",
                "url": "https://github.com/php-fig/http-message.git",
                "reference": "cb6ce4845ce34a8ad9e68117c10ee90a29919eba"
            },
            "dist": {
                "type": "zip",
                "url": "https://codeload.github.com/php-fig/http-message/zip/cb6ce4845ce34a8ad9e68117c10ee90a29919eba",
                "reference": "cb6ce4845ce34a8ad9e68117c10ee90a29919eba"
            },
            "require": {
                "php": "^7.2 || ^8.0"
            },
            "type": "library",
            "extra": {
                "branch-alias": {
                    "dev-master": "1.1.x-dev"
                }
            },
            "autoload": {
                "psr-4": {
                    "Psr\\Http\\Message\\": "src/"
                }
            },
            "license": [
                "MIT"
            ],
            "authors": [
                {
                    "name": "PHP-FIG",
                    "homepage": "http://www.php-fig.org/"
                }
            ],
            "description": "Common interface for HTTP messages",
            "homepage": "https://github.com/php-fig/http-message",
            "keywords": [
                "http",
                "http-message",
                "psr",
                "psr-7",
                "request",
                "response"
            ]
        },
        {
            "name": "psr/log",
            "version": "1.1.4",
            "source": {
                "type": "git",
                "url": "https://github.com/php-fig/log.git",
                "reference": "d49695b909c3b7628b6289db5479a1c204601f11"
            },
            "dist": {
                "type": "zip",
                "url": "https://codeload.github.com/php-fig/log/zip/d49695b909c3b7628b6289db5479a1c204601f11",
                "reference": "d49695b909c3b7628b6289db5479a1c204601f11"
            },
            "require": {
                "php": ">=5.3.0"
            },
            "type": "library",
            "extra": {
                "branch-alias": {
                    "dev-master": "1.1.x-dev"
                }
            },
            "autoload": {
                "psr-4": {
                    "Psr\\Log\\": "Psr/Log/"
                }
            },
            "license": [
                "MIT"
            ],
            "authors": [
                {
                    "name": "PHP-FIG",
                    "homepage": "https://www.php-fig.org/"
                }
            ],
            "description": "Common interface for logging libraries",
            "homepage": "https://github.com/php-fig/log",
            "keywords": [
                "log",
                "psr",
                "psr-3"
            ]
        },
        {
            "name": "ramsey/uuid",
            "version": "3.9.7",
            "source": {
                "type": "git",
                "url": "https://github.com/ramsey/uuid.git",
                "reference": "dc75aa439eb4c1b77f5379fd958b3dc0e6014178"
            },
            "dist": {
                "type": "zip",
                "url": "https://codeload.github.com/ramsey/uuid/zip/dc75aa439eb4c1b77f5379fd958b3dc0e6014178",
                "reference": "dc75aa439eb4c1b77f5379fd958b3dc0e6014178"
            },
            "require": {
                "ext-json": "*",
                "paragonie/random_compat": "^1 | ^2 | ^9.99.99",
                "php": "^5.4 | ^7.0 | ^8.0",
                "symfony/polyfill-ctype": "^1.8"
            },
            "replace": {
                "rhumsaa/uuid": "self.version"
            },
            "suggest": {
                "ext-ctype": "Provides support for PHP Ctype functions",
                "ext-libsodium": "Provides the PECL libsodium extension for use with the SodiumRandomGenerator",
                "ext-openssl": "Provides the OpenSSL extension for use with the OpenSslGenerator",
                "ext-uuid": "Provides the PECL UUID extension for use with the PeclUuidTimeGenerator and PeclUuidRandomGenerator",
                "moontoast/math": "Provides support for converting UUID to 128-bit integer (in string form).",
                "paragonie/random-lib": "Provides RandomLib for use with the RandomLibAdapter",
                "ramsey/uuid-console": "A console application for generating UUIDs with ramsey/uuid",
                "ramsey/uuid-doctrine": "Allows the use of Ramsey\\Uuid\\Uuid as Doctrine field type."
            },
            "type": "library",
            "autoload": {
                "psr-4": {
                    "Ramsey\\Uuid\\": "src/"
                },
                "files": [
                    "src/functions.php"
                ]
            },
            "license": [
                "MIT"
            ],
            "authors": [
                {
                    "name": "Ben Ramsey",
                    "email": "ben@benramsey.com",
                    "homepage": "https://benramsey.com"
                },
                {
                    "name": "Marijn Huizendveld",
                    "email": "marijn.huizendveld@gmail.com"
                },
                {
                    "name": "Thibaud Fabre",
                    "email": "thibaud@aztech.io"
                }
            ],
            "description": "Formerly rhumsaa/uuid. A PHP 5.4+ library for generating RFC 4122 version 1, 3, 4, and 5 universally unique identifiers (UUID).",
            "homepage": "https://github.com/ramsey/uuid",
            "keywords": [
                "guid",
                "identifier",
                "uuid"
            ],
            "support": {
                "issues": "https://github.com/ramsey/uuid/issues",
                "rss": "https://github.com/ramsey/uuid/releases.atom",
                "source": "https://github.com/ramsey/uuid",
                "wiki": "https://github.com/ramsey/uuid/wiki"
            }
        },
        {
            "name": "spomky-labs/base64url",
            "version": "2.0.4",
            "source": {
                "type": "git",
                "url": "https://github.com/Spomky-Labs/base64url.git",
                "reference": "7752ce931ec285da4ed1f4c5aa27e45e097be61d"
            },
            "dist": {
                "type": "zip",
                "url": "https://codeload.github.com/Spomky-Labs/base64url/zip/7752ce931ec285da4ed1f4c5aa27e45e097be61d",
                "reference": "7752ce931ec285da4ed1f4c5aa27e45e097be61d"
            },
            "require": {
                "php": ">=7.1"
            },
            "type": "library",
            "autoload": {
                "psr-4": {
                    "Base64Url\\": "src/"
                }
            },
            "license": [
                "MIT"
            ],
            "authors": [
                {
                    "name": "Florent Morselli",
                    "homepage": "https://github.com/Spomky-Labs/base64url/contributors"
                }
            ],
            "description": "Base 64 URL Safe Encoding/Decoding PHP Library",
            "homepage": "https://github.com/Spomky-Labs/base64url",
            "keywords": [
                "Base64",
                "RFC4648",
                "Safe",
                "URL"
            ]
        },
        {
            "name": "spomky-labs/cbor-php",
            "version": "2.1.0",
            "source": {
                "type": "git",
                "url": "https://github.com/Spomky-Labs/cbor-php.git",
                "reference": "28e2712cfc0b48fae661a48ffc6896d7abe83684"
            },
            "dist": {
                "type": "zip",
                "url": "https://codeload.github.com/Spomky-Labs/cbor-php/zip/28e2712cfc0b48fae661a48ffc6896d7abe83684",
                "reference": "28e2712cfc0b48fae661a48ffc6896d7abe83684"
            },
            "require": {
                "brick/math": "^0.8.15|^0.9.0",
                "ext-mbstring": "*",
                "php": ">=7.3"
            },
            "suggest": {
                "ext-bcmath": "GMP or BCMath extensions will drastically improve the library performance. BCMath extension needed to handle the Big Float and Decimal Fraction Tags",
                "ext-gmp": "GMP or BCMath extensions will drastically improve the library performance"
            },
            "type": "library",
            "autoload": {
                "psr-4": {
                    "CBOR\\": "src/"
                }
            },
            "license": [
                "MIT"
            ],
            "authors": [
                {
                    "name": "Florent Morselli",
                    "homepage": "https://github.com/Spomky"
                },
                {
                    "name": "All contributors",
                    "homepage": "https://github.com/Spomky-Labs/cbor-php/contributors"
                }
            ],
            "description": "CBOR Encoder/Decoder for PHP",
            "keywords": [
                "CBOR",
                "Concise Binary Object Representation",
                "RFC7049"
            ]
        },
        {
            "name": "symfony/polyfill-ctype",
            "version": "1.37.0",
            "source": {
                "type": "git",
                "url": "https://github.com/symfony/polyfill-ctype.git",
                "reference": "141046a8f9477948ff284fa65be2095baafb94f2"
            },
            "dist": {
                "type": "zip",
                "url": "https://codeload.github.com/symfony/polyfill-ctype/zip/141046a8f9477948ff284fa65be2095baafb94f2",
                "reference": "141046a8f9477948ff284fa65be2095baafb94f2"
            },
            "require": {
                "php": ">=7.2"
            },
            "provide": {
                "ext-ctype": "*"
            },
            "suggest": {
                "ext-ctype": "For best performance"
            },
            "type": "library",
            "extra": {
                "thanks": {
                    "name": "symfony/polyfill",
                    "url": "https://github.com/symfony/polyfill"
                }
            },
            "autoload": {
                "psr-4": {
                    "Symfony\\Polyfill\\Ctype\\": ""
                },
                "files": [
                    "bootstrap.php"
                ]
            },
            "license": [
                "MIT"
            ],
            "authors": [
                {
                    "name": "Gert de Pagter",
                    "email": "BackEndTea@gmail.com"
                },
                {
                    "name": "Symfony Community",
                    "homepage": "https://symfony.com/contributors"
                }
            ],
            "description": "Symfony polyfill for ctype functions",
            "homepage": "https://symfony.com",
            "keywords": [
                "compatibility",
                "ctype",
                "polyfill",
                "portable"
            ]
        },
        {
            "name": "symfony/polyfill-php80",
            "version": "1.33.0",
            "source": {
                "type": "git",
                "url": "https://github.com/symfony/polyfill-php80.git",
                "reference": "0cc9dd0f17f61d8131e7df6b84bd344899fe2608"
            },
            "dist": {
                "type": "zip",
                "url": "https://codeload.github.com/symfony/polyfill-php80/zip/0cc9dd0f17f61d8131e7df6b84bd344899fe2608",
                "reference": "0cc9dd0f17f61d8131e7df6b84bd344899fe2608"
            },
            "require": {
                "php": ">=7.2"
            },
            "type": "library",
            "extra": {
                "thanks": {
                    "name": "symfony/polyfill",
                    "url": "https://github.com/symfony/polyfill"
                }
            },
            "autoload": {
                "psr-4": {
                    "Symfony\\Polyfill\\Php80\\": ""
                },
                "files": [
                    "bootstrap.php"
                ],
                "classmap": [
                    "Resources/stubs"
                ]
            },
            "license": [
                "MIT"
            ],
            "authors": [
                {
                    "name": "Ion Bazan",
                    "email": "ion.bazan@gmail.com"
                },
                {
                    "name": "Nicolas Grekas",
                    "email": "p@tchwork.com"
                },
                {
                    "name": "Symfony Community",
                    "homepage": "https://symfony.com/contributors"
                }
            ],
            "description": "Symfony polyfill backporting some PHP 8.0+ features to lower PHP versions",
            "homepage": "https://symfony.com",
            "keywords": [
                "compatibility",
                "polyfill",
                "portable",
                "shim"
            ]
        },
        {
            "name": "symfony/process",
            "version": "5.4.51",
            "source": {
                "type": "git",
                "url": "https://github.com/symfony/process.git",
                "reference": "467bfc56f18f5ef6d5ccb09324d7e988c1c0a98f"
            },
            "dist": {
                "type": "zip",
                "url": "https://codeload.github.com/symfony/process/zip/467bfc56f18f5ef6d5ccb09324d7e988c1c0a98f",
                "reference": "467bfc56f18f5ef6d5ccb09324d7e988c1c0a98f"
            },
            "require": {
                "php": ">=7.2.5",
                "symfony/polyfill-php80": "^1.16"
            },
            "type": "library",
            "autoload": {
                "psr-4": {
                    "Symfony\\Component\\Process\\": ""
                },
                "exclude-from-classmap": [
                    "/Tests/"
                ]
            },
            "license": [
                "MIT"
            ],
            "authors": [
                {
                    "name": "Fabien Potencier",
                    "email": "fabien@symfony.com"
                },
                {
                    "name": "Symfony Community",
                    "homepage": "https://symfony.com/contributors"
                }
            ],
            "description": "Executes commands in sub-processes",
            "homepage": "https://symfony.com"
        },
        {
            "name": "thecodingmachine/safe",
            "version": "1.3.3",
            "source": {
                "type": "git",
                "url": "https://github.com/thecodingmachine/safe.git",
                "reference": "a8ab0876305a4cdaef31b2350fcb9811b5608dbc"
            },
            "dist": {
                "type": "zip",
                "url": "https://codeload.github.com/thecodingmachine/safe/zip/a8ab0876305a4cdaef31b2350fcb9811b5608dbc",
                "reference": "a8ab0876305a4cdaef31b2350fcb9811b5608dbc"
            },
            "require": {
                "php": ">=7.2"
            },
            "type": "library",
            "extra": {
                "branch-alias": {
                    "dev-master": "0.1-dev"
                }
            },
            "autoload": {
                "psr-4": {
                    "Safe\\": [
                        "lib/",
                        "deprecated/",
                        "generated/"
                    ]
                },
                "files": [
                    "deprecated/apc.php",
                    "deprecated/libevent.php",
                    "deprecated/mssql.php",
                    "deprecated/stats.php",
                    "lib/special_cases.php",
                    "generated/apache.php",
                    "generated/apcu.php",
                    "generated/array.php",
                    "generated/bzip2.php",
                    "generated/calendar.php",
                    "generated/classobj.php",
                    "generated/com.php",
                    "generated/cubrid.php",
                    "generated/curl.php",
                    "generated/datetime.php",
                    "generated/dir.php",
                    "generated/eio.php",
                    "generated/errorfunc.php",
                    "generated/exec.php",
                    "generated/fileinfo.php",
                    "generated/filesystem.php",
                    "generated/filter.php",
                    "generated/fpm.php",
                    "generated/ftp.php",
                    "generated/funchand.php",
                    "generated/gmp.php",
                    "generated/gnupg.php",
                    "generated/hash.php",
                    "generated/ibase.php",
                    "generated/ibmDb2.php",
                    "generated/iconv.php",
                    "generated/image.php",
                    "generated/imap.php",
                    "generated/info.php",
                    "generated/ingres-ii.php",
                    "generated/inotify.php",
                    "generated/json.php",
                    "generated/ldap.php",
                    "generated/libxml.php",
                    "generated/lzf.php",
                    "generated/mailparse.php",
                    "generated/mbstring.php",
                    "generated/misc.php",
                    "generated/msql.php",
                    "generated/mysql.php",
                    "generated/mysqli.php",
                    "generated/mysqlndMs.php",
                    "generated/mysqlndQc.php",
                    "generated/network.php",
                    "generated/oci8.php",
                    "generated/opcache.php",
                    "generated/openssl.php",
                    "generated/outcontrol.php",
                    "generated/password.php",
                    "generated/pcntl.php",
                    "generated/pcre.php",
                    "generated/pdf.php",
                    "generated/pgsql.php",
                    "generated/posix.php",
                    "generated/ps.php",
                    "generated/pspell.php",
                    "generated/readline.php",
                    "generated/rpminfo.php",
                    "generated/rrd.php",
                    "generated/sem.php",
                    "generated/session.php",
                    "generated/shmop.php",
                    "generated/simplexml.php",
                    "generated/sockets.php",
                    "generated/sodium.php",
                    "generated/solr.php",
                    "generated/spl.php",
                    "generated/sqlsrv.php",
                    "generated/ssdeep.php",
                    "generated/ssh2.php",
                    "generated/stream.php",
                    "generated/strings.php",
                    "generated/swoole.php",
                    "generated/uodbc.php",
                    "generated/uopz.php",
                    "generated/url.php",
                    "generated/var.php",
                    "generated/xdiff.php",
                    "generated/xml.php",
                    "generated/xmlrpc.php",
                    "generated/yaml.php",
                    "generated/yaz.php",
                    "generated/zip.php",
                    "generated/zlib.php"
                ]
            },
            "license": [
                "MIT"
            ],
            "description": "PHP core functions that throw exceptions instead of returning FALSE on error"
        },
        {
            "name": "web-auth/cose-lib",
            "version": "3.3.12",
            "source": {
                "type": "git",
                "url": "https://github.com/web-auth/cose-lib.git",
                "reference": "efa6ec2ba4e840bc1316a493973c9916028afeeb"
            },
            "dist": {
                "type": "zip",
                "url": "https://codeload.github.com/web-auth/cose-lib/zip/efa6ec2ba4e840bc1316a493973c9916028afeeb",
                "reference": "efa6ec2ba4e840bc1316a493973c9916028afeeb"
            },
            "require": {
                "beberlei/assert": "^3.2",
                "ext-json": "*",
                "ext-mbstring": "*",
                "ext-openssl": "*",
                "fgrosse/phpasn1": "^2.1",
                "php": ">=7.2"
            },
            "type": "library",
            "autoload": {
                "psr-4": {
                    "Cose\\": "src/"
                }
            },
            "license": [
                "MIT"
            ],
            "authors": [
                {
                    "name": "Florent Morselli",
                    "homepage": "https://github.com/Spomky"
                },
                {
                    "name": "All contributors",
                    "homepage": "https://github.com/web-auth/cose/contributors"
                }
            ],
            "description": "CBOR Object Signing and Encryption (COSE) For PHP",
            "homepage": "https://github.com/web-auth",
            "keywords": [
                "COSE",
                "RFC8152"
            ]
        },
        {
            "name": "web-auth/metadata-service",
            "version": "3.3.12",
            "source": {
                "type": "git",
                "url": "https://github.com/web-auth/webauthn-metadata-service.git",
                "reference": "ef40d2b7b68c4964247d13fab52e2fa8dbd65246"
            },
            "dist": {
                "type": "zip",
                "url": "https://codeload.github.com/web-auth/webauthn-metadata-service/zip/ef40d2b7b68c4964247d13fab52e2fa8dbd65246",
                "reference": "ef40d2b7b68c4964247d13fab52e2fa8dbd65246"
            },
            "require": {
                "beberlei/assert": "^3.2",
                "ext-json": "*",
                "league/uri": "^6.0",
                "php": ">=7.2",
                "psr/http-client": "^1.0",
                "psr/http-factory": "^1.0",
                "psr/log": "^1.1"
            },
            "suggest": {
                "web-token/jwt-key-mgmt": "Mandatory for fetching Metadata Statement from distant sources",
                "web-token/jwt-signature-algorithm-ecdsa": "Mandatory for fetching Metadata Statement from distant sources"
            },
            "type": "library",
            "autoload": {
                "psr-4": {
                    "Webauthn\\MetadataService\\": "src/"
                }
            },
            "license": [
                "MIT"
            ],
            "authors": [
                {
                    "name": "Florent Morselli",
                    "homepage": "https://github.com/Spomky"
                },
                {
                    "name": "All contributors",
                    "homepage": "https://github.com/web-auth/metadata-service/contributors"
                }
            ],
            "description": "Metadata Service for FIDO2/Webauthn",
            "homepage": "https://github.com/web-auth",
            "keywords": [
                "FIDO",
                "FIDO2",
                "webauthn"
            ]
        },
        {
            "name": "web-auth/webauthn-lib",
            "version": "3.3.12",
            "source": {
                "type": "git",
                "url": "https://github.com/web-auth/webauthn-lib.git",
                "reference": "5ef9b21c8e9f8a817e524ac93290d08a9f065b33"
            },
            "dist": {
                "type": "zip",
                "url": "https://codeload.github.com/web-auth/webauthn-lib/zip/5ef9b21c8e9f8a817e524ac93290d08a9f065b33",
                "reference": "5ef9b21c8e9f8a817e524ac93290d08a9f065b33"
            },
            "require": {
                "beberlei/assert": "^3.2",
                "ext-json": "*",
                "ext-mbstring": "*",
                "ext-openssl": "*",
                "fgrosse/phpasn1": "^2.1",
                "php": ">=7.2",
                "psr/http-client": "^1.0",
                "psr/http-factory": "^1.0",
                "psr/http-message": "^1.0",
                "psr/log": "^1.1",
                "ramsey/uuid": "^3.8|^4.0",
                "spomky-labs/base64url": "^2.0",
                "spomky-labs/cbor-php": "^1.0|^2.0",
                "symfony/process": "^3.0|^4.0|^5.0",
                "thecodingmachine/safe": "^1.1",
                "web-auth/cose-lib": "self.version",
                "web-auth/metadata-service": "self.version"
            },
            "suggest": {
                "psr/log-implementation": "Recommended to receive logs from the library",
                "web-token/jwt-key-mgmt": "Mandatory for the AndroidSafetyNet Attestation Statement support",
                "web-token/jwt-signature-algorithm-ecdsa": "Recommended for the AndroidSafetyNet Attestation Statement support",
                "web-token/jwt-signature-algorithm-eddsa": "Recommended for the AndroidSafetyNet Attestation Statement support",
                "web-token/jwt-signature-algorithm-rsa": "Mandatory for the AndroidSafetyNet Attestation Statement support"
            },
            "type": "library",
            "autoload": {
                "psr-4": {
                    "Webauthn\\": "src/"
                }
            },
            "license": [
                "MIT"
            ],
            "authors": [
                {
                    "name": "Florent Morselli",
                    "homepage": "https://github.com/Spomky"
                },
                {
                    "name": "All contributors",
                    "homepage": "https://github.com/web-auth/webauthn-library/contributors"
                }
            ],
            "description": "FIDO2/Webauthn Support For PHP",
            "homepage": "https://github.com/web-auth",
            "keywords": [
                "FIDO",
                "FIDO2",
                "webauthn"
            ]
        }
    ],
    "packages-dev": [],
    "aliases": [],
    "minimum-stability": "stable",
    "stability-flags": {},
    "prefer-stable": true,
    "prefer-lowest": false,
    "platform": {
        "php": ">=7.4",
        "ext-bcmath": "*",
        "ext-json": "*",
        "ext-mbstring": "*",
        "ext-openssl": "*",
        "ext-simplexml": "*"
    },
    "platform-dev": {},
    "platform-overrides": {
        "php": "7.4.33"
    },
    "plugin-api-version": "2.6.0"
}
